
Microsoft Visual Studio Solution File, Format Version 12.00
# Visual Studio Version 16
VisualStudioVersion = 16.0.28803.202
MinimumVisualStudioVersion = 10.0.40219.1
Project("{FAE04EC0-301F-11D3-BF4B-00C04F79EFBC}") = "TaskManager_MZ", "TaskManager_MZ.csproj", "{02516437-8ACC-49DC-A7E8-088C58B2E07D}"
EndProject
Global
	GlobalSection(SolutionConfigurationPlatforms) = preSolution
		Debug|Any CPU = Debug|Any CPU
		Release|Any CPU = Release|Any CPU
	EndGlobalSection
	GlobalSection(ProjectConfigurationPlatforms) = postSolution
		{02516437-8ACC-49DC-A7E8-088C58B2E07D}.Debug|Any CPU.ActiveCfg = Debug|Any CPU
		{02516437-8ACC-49DC-A7E8-088C58B2E07D}.Debug|Any CPU.Build.0 = Debug|Any CPU
		{02516437-8ACC-49DC-A7E8-088C58B2E07D}.Release|Any CPU.ActiveCfg = Release|Any CPU
		{02516437-8ACC-49DC-A7E8-088C58B2E07D}.Release|Any CPU.Build.0 = Release|Any CPU
	EndGlobalSection
	GlobalSection(SolutionProperties) = preSolution
		HideSolutionNode = FALSE
	EndGlobalSection
	GlobalSection(ExtensibilityGlobals) = postSolution
		SolutionGuid = {3B5C3797-DD1B-41C3-8919-F23C4738876B}
	EndGlobalSection
EndGlobal
